
Microsoft Visual Studio Solution File, Format Version 12.00
# Visual Studio Version 16
VisualStudioVersion = 16.0.30503.244
MinimumVisualStudioVersion = 15.0.26124.0
Project("{9A19103F-16F7-4668-BE54-9A1E7A4F7556}") = "EE.Ord.Domain", "EE.Ord.Domain\EE.Ord.Domain.csproj", "{D406734D-BA70-488A-9FF7-2796A46EE9C8}"
EndProject
Project("{9A19103F-16F7-4668-BE54-9A1E7A4F7556}") = "EE.Ord.Infrastructure", "EE.Ord.Infrastructure\EE.Ord.Infrastructure.csproj", "{61425A34-589F-44D7-8F93-B8E9B1903304}"
EndProject
Project("{9A19103F-16F7-4668-BE54-9A1E7A4F7556}") = "EE.Ord.Infrastructure.EntityFramework", "EE.Ord.Infrastructure.EntityFramework\EE.Ord.Infrastructure.EntityFramework.csproj", "{BB8BFF9B-7A04-4CD0-98E7-097036C2644A}"
EndProject
Project("{9A19103F-16F7-4668-BE54-9A1E7A4F7556}") = "EE.Ord.Services", "EE.Ord.Services\EE.Ord.Services.csproj", "{420A2375-B08D-40B2-8237-1E4DA6DEDC12}"
EndProject
Project("{9A19103F-16F7-4668-BE54-9A1E7A4F7556}") = "EE.Ord.Shared.Database.Main", "EE.Ord.Shared.Database.Main\EE.Ord.Shared.Database.Main.csproj", "{24F58CEA-7293-4FCA-BB97-0F5E9AB0DE73}"
EndProject
Project("{9A19103F-16F7-4668-BE54-9A1E7A4F7556}") = "EE.Ord.Main.App.Server", "EE.Ord.Main.App\Server\EE.Ord.Main.App.Server.csproj", "{573B01BF-8906-4A80-8C25-B1D8E995BE4F}"
EndProject
Project("{9A19103F-16F7-4668-BE54-9A1E7A4F7556}") = "EE.Ord.Main.App.Client", "EE.Ord.Main.App\Client\EE.Ord.Main.App.Client.csproj", "{D0A6D72B-C98E-4C85-AF77-3EF8F2CBAFF0}"
EndProject
Project("{2150E333-8FDC-42A3-9474-1A3956D46DE8}") = "Domain", "Domain", "{A3478810-EF45-40B2-BD18-8EACC847FF69}"
EndProject
Project("{2150E333-8FDC-42A3-9474-1A3956D46DE8}") = "Infrastructure", "Infrastructure", "{7E55ED60-A889-4516-AC1A-B8BCD04D0A07}"
EndProject
Project("{2150E333-8FDC-42A3-9474-1A3956D46DE8}") = "Services", "Services", "{A8940DD3-FD8F-470B-AD71-BF2E6DF246C5}"
EndProject
Project("{2150E333-8FDC-42A3-9474-1A3956D46DE8}") = "Shared", "Shared", "{D0F1739B-B703-43DE-82DE-6079132361F0}"
EndProject
Project("{9A19103F-16F7-4668-BE54-9A1E7A4F7556}") = "EE.Ord.Infrastructure.Web", "EE.Ord.Infrastructure.Web\EE.Ord.Infrastructure.Web.csproj", "{A4CAF020-84B1-4BC7-BA76-F7DD1855766B}"
EndProject
Global
	GlobalSection(SolutionConfigurationPlatforms) = preSolution
		Debug|Any CPU = Debug|Any CPU
		Release|Any CPU = Release|Any CPU
	EndGlobalSection
	GlobalSection(ProjectConfigurationPlatforms) = postSolution
		{D406734D-BA70-488A-9FF7-2796A46EE9C8}.Debug|Any CPU.ActiveCfg = Debug|Any CPU
		{D406734D-BA70-488A-9FF7-2796A46EE9C8}.Debug|Any CPU.Build.0 = Debug|Any CPU
		{D406734D-BA70-488A-9FF7-2796A46EE9C8}.Release|Any CPU.ActiveCfg = Release|Any CPU
		{D406734D-BA70-488A-9FF7-2796A46EE9C8}.Release|Any CPU.Build.0 = Release|Any CPU
		{61425A34-589F-44D7-8F93-B8E9B1903304}.Debug|Any CPU.ActiveCfg = Debug|Any CPU
		{61425A34-589F-44D7-8F93-B8E9B1903304}.Debug|Any CPU.Build.0 = Debug|Any CPU
		{61425A34-589F-44D7-8F93-B8E9B1903304}.Release|Any CPU.ActiveCfg = Release|Any CPU
		{61425A34-589F-44D7-8F93-B8E9B1903304}.Release|Any CPU.Build.0 = Release|Any CPU
		{BB8BFF9B-7A04-4CD0-98E7-097036C2644A}.Debug|Any CPU.ActiveCfg = Debug|Any CPU
		{BB8BFF9B-7A04-4CD0-98E7-097036C2644A}.Debug|Any CPU.Build.0 = Debug|Any CPU
		{BB8BFF9B-7A04-4CD0-98E7-097036C2644A}.Release|Any CPU.ActiveCfg = Release|Any CPU
		{BB8BFF9B-7A04-4CD0-98E7-097036C2644A}.Release|Any CPU.Build.0 = Release|Any CPU
		{420A2375-B08D-40B2-8237-1E4DA6DEDC12}.Debug|Any CPU.ActiveCfg = Debug|Any CPU
		{420A2375-B08D-40B2-8237-1E4DA6DEDC12}.Debug|Any CPU.Build.0 = Debug|Any CPU
		{420A2375-B08D-40B2-8237-1E4DA6DEDC12}.Release|Any CPU.ActiveCfg = Release|Any CPU
		{420A2375-B08D-40B2-8237-1E4DA6DEDC12}.Release|Any CPU.Build.0 = Release|Any CPU
		{24F58CEA-7293-4FCA-BB97-0F5E9AB0DE73}.Debug|Any CPU.ActiveCfg = Debug|Any CPU
		{24F58CEA-7293-4FCA-BB97-0F5E9AB0DE73}.Debug|Any CPU.Build.0 = Debug|Any CPU
		{24F58CEA-7293-4FCA-BB97-0F5E9AB0DE73}.Release|Any CPU.ActiveCfg = Release|Any CPU
		{24F58CEA-7293-4FCA-BB97-0F5E9AB0DE73}.Release|Any CPU.Build.0 = Release|Any CPU
		{573B01BF-8906-4A80-8C25-B1D8E995BE4F}.Debug|Any CPU.ActiveCfg = Debug|Any CPU
		{573B01BF-8906-4A80-8C25-B1D8E995BE4F}.Debug|Any CPU.Build.0 = Debug|Any CPU
		{573B01BF-8906-4A80-8C25-B1D8E995BE4F}.Release|Any CPU.ActiveCfg = Release|Any CPU
		{573B01BF-8906-4A80-8C25-B1D8E995BE4F}.Release|Any CPU.Build.0 = Release|Any CPU
		{D0A6D72B-C98E-4C85-AF77-3EF8F2CBAFF0}.Debug|Any CPU.ActiveCfg = Debug|Any CPU
		{D0A6D72B-C98E-4C85-AF77-3EF8F2CBAFF0}.Debug|Any CPU.Build.0 = Debug|Any CPU
		{D0A6D72B-C98E-4C85-AF77-3EF8F2CBAFF0}.Release|Any CPU.ActiveCfg = Release|Any CPU
		{D0A6D72B-C98E-4C85-AF77-3EF8F2CBAFF0}.Release|Any CPU.Build.0 = Release|Any CPU
		{A4CAF020-84B1-4BC7-BA76-F7DD1855766B}.Debug|Any CPU.ActiveCfg = Debug|Any CPU
		{A4CAF020-84B1-4BC7-BA76-F7DD1855766B}.Debug|Any CPU.Build.0 = Debug|Any CPU
		{A4CAF020-84B1-4BC7-BA76-F7DD1855766B}.Release|Any CPU.ActiveCfg = Release|Any CPU
		{A4CAF020-84B1-4BC7-BA76-F7DD1855766B}.Release|Any CPU.Build.0 = Release|Any CPU
	EndGlobalSection
	GlobalSection(SolutionProperties) = preSolution
		HideSolutionNode = FALSE
	EndGlobalSection
	GlobalSection(NestedProjects) = preSolution
		{D406734D-BA70-488A-9FF7-2796A46EE9C8} = {A3478810-EF45-40B2-BD18-8EACC847FF69}
		{61425A34-589F-44D7-8F93-B8E9B1903304} = {7E55ED60-A889-4516-AC1A-B8BCD04D0A07}
		{BB8BFF9B-7A04-4CD0-98E7-097036C2644A} = {7E55ED60-A889-4516-AC1A-B8BCD04D0A07}
		{420A2375-B08D-40B2-8237-1E4DA6DEDC12} = {A8940DD3-FD8F-470B-AD71-BF2E6DF246C5}
		{24F58CEA-7293-4FCA-BB97-0F5E9AB0DE73} = {D0F1739B-B703-43DE-82DE-6079132361F0}
		{A4CAF020-84B1-4BC7-BA76-F7DD1855766B} = {7E55ED60-A889-4516-AC1A-B8BCD04D0A07}
	EndGlobalSection
	GlobalSection(ExtensibilityGlobals) = postSolution
		SolutionGuid = {C4B22E16-B411-4393-B888-FB81751A48EC}
	EndGlobalSection
EndGlobal
